{
  "nodes": {
    "coder": {
      "flake": false,
      "locked": {
        "lastModified": 1664291698,
        "narHash": "sha256-OISOXLM5WHW8Lv/jV373wkMr8pM29M8s3k6qgTHXfPA=",
        "owner": "coder",
        "repo": "coder",
        "rev": "27c8345ef2d570f6bb05d601b3aa675dd0ee4670",
        "type": "github"
      },
      "original": {
        "owner": "coder",
        "ref": "v0.9.1",
        "repo": "coder",
        "type": "github"
      }
    },
    "flake-utils": {
      "locked": {
        "lastModified": 1659877975,
        "narHash": "sha256-zllb8aq3YO3h8B/U0/J1WBgAL8EX5yWf5pMj3G0NAmc=",
        "owner": "numtide",
        "repo": "flake-utils",
        "rev": "c0e246b9b83f637f4681389ecabcb2681b4f3af0",
        "type": "github"
      },
      "original": {
        "owner": "numtide",
        "repo": "flake-utils",
        "type": "github"
      }
    },
    "nixpkgs": {
      "locked": {
        "lastModified": 1663235518,
        "narHash": "sha256-q8zLK6rK/CLXEguaPgm9yQJcY0VQtOBhAT9EV2UFK/A=",
        "owner": "NixOS",
        "repo": "nixpkgs",
        "rev": "2277e4c9010b0f27585eb0bed0a86d7cbc079354",
        "type": "github"
      },
      "original": {
        "owner": "NixOS",
        "ref": "nixpkgs-unstable",
        "repo": "nixpkgs",
        "type": "github"
      }
    },
    "root": {
      "inputs": {
        "coder": "coder",
        "flake-utils": "flake-utils",
        "nixpkgs": "nixpkgs"
      }
    }
  },
  "root": "root",
  "version": 7
}
